
Microsoft Visual Studio Solution File, Format Version 12.00
# Visual Studio Version 17
VisualStudioVersion = 17.9.34622.214
MinimumVisualStudioVersion = 10.0.40219.1
Project("{9A19103F-16F7-4668-BE54-9A1E7A4F7556}") = "AcconAPI.API", "AcconAPI.API.csproj", "{533ABD3F-BEBD-4FA1-8096-D7ED738284D0}"
EndProject
Project("{9A19103F-16F7-4668-BE54-9A1E7A4F7556}") = "AcconAPI.Domain", "..\AcconAPI.Domain\AcconAPI.Domain.csproj", "{E2FC5CD5-91CA-4FF9-9CEE-793554E87A5F}"
EndProject
Project("{9A19103F-16F7-4668-BE54-9A1E7A4F7556}") = "AcconAPI.Application", "..\AcconAPI.Application\AcconAPI.Application.csproj", "{B424AE03-BB60-4238-AF9E-084AEB4F8628}"
EndProject
Project("{9A19103F-16F7-4668-BE54-9A1E7A4F7556}") = "AcconAPI.Infastructure", "..\AcconAPI.Infastructure\AcconAPI.Infastructure.csproj", "{7CA98D60-8A2B-474A-BF1A-5C906BA345D5}"
EndProject
Project("{9A19103F-16F7-4668-BE54-9A1E7A4F7556}") = "AcconAPI.Persistence", "..\AcconAPI.Persistence\AcconAPI.Persistence.csproj", "{668B8832-ACE4-46D2-AB6B-734D698B025D}"
EndProject
Project("{2150E333-8FDC-42A3-9474-1A3956D46DE8}") = "Core", "Core", "{1ECC793B-DA4F-4EEF-ACD2-D3E352F1AD57}"
EndProject
Project("{2150E333-8FDC-42A3-9474-1A3956D46DE8}") = "Infrastructure", "Infrastructure", "{ECED5245-3AE9-4354-BF74-8F1F77343628}"
EndProject
Project("{2150E333-8FDC-42A3-9474-1A3956D46DE8}") = "Presentation", "Presentation", "{20409991-6488-4E8F-AFB3-B0BFC7AF9445}"
EndProject
Global
	GlobalSection(SolutionConfigurationPlatforms) = preSolution
		Debug|Any CPU = Debug|Any CPU
		Release|Any CPU = Release|Any CPU
	EndGlobalSection
	GlobalSection(ProjectConfigurationPlatforms) = postSolution
		{533ABD3F-BEBD-4FA1-8096-D7ED738284D0}.Debug|Any CPU.ActiveCfg = Debug|Any CPU
		{533ABD3F-BEBD-4FA1-8096-D7ED738284D0}.Debug|Any CPU.Build.0 = Debug|Any CPU
		{533ABD3F-BEBD-4FA1-8096-D7ED738284D0}.Release|Any CPU.ActiveCfg = Release|Any CPU
		{533ABD3F-BEBD-4FA1-8096-D7ED738284D0}.Release|Any CPU.Build.0 = Release|Any CPU
		{E2FC5CD5-91CA-4FF9-9CEE-793554E87A5F}.Debug|Any CPU.ActiveCfg = Debug|Any CPU
		{E2FC5CD5-91CA-4FF9-9CEE-793554E87A5F}.Debug|Any CPU.Build.0 = Debug|Any CPU
		{E2FC5CD5-91CA-4FF9-9CEE-793554E87A5F}.Release|Any CPU.ActiveCfg = Release|Any CPU
		{E2FC5CD5-91CA-4FF9-9CEE-793554E87A5F}.Release|Any CPU.Build.0 = Release|Any CPU
		{B424AE03-BB60-4238-AF9E-084AEB4F8628}.Debug|Any CPU.ActiveCfg = Debug|Any CPU
		{B424AE03-BB60-4238-AF9E-084AEB4F8628}.Debug|Any CPU.Build.0 = Debug|Any CPU
		{B424AE03-BB60-4238-AF9E-084AEB4F8628}.Release|Any CPU.ActiveCfg = Release|Any CPU
		{B424AE03-BB60-4238-AF9E-084AEB4F8628}.Release|Any CPU.Build.0 = Release|Any CPU
		{7CA98D60-8A2B-474A-BF1A-5C906BA345D5}.Debug|Any CPU.ActiveCfg = Debug|Any CPU
		{7CA98D60-8A2B-474A-BF1A-5C906BA345D5}.Debug|Any CPU.Build.0 = Debug|Any CPU
		{7CA98D60-8A2B-474A-BF1A-5C906BA345D5}.Release|Any CPU.ActiveCfg = Release|Any CPU
		{7CA98D60-8A2B-474A-BF1A-5C906BA345D5}.Release|Any CPU.Build.0 = Release|Any CPU
		{668B8832-ACE4-46D2-AB6B-734D698B025D}.Debug|Any CPU.ActiveCfg = Debug|Any CPU
		{668B8832-ACE4-46D2-AB6B-734D698B025D}.Debug|Any CPU.Build.0 = Debug|Any CPU
		{668B8832-ACE4-46D2-AB6B-734D698B025D}.Release|Any CPU.ActiveCfg = Release|Any CPU
		{668B8832-ACE4-46D2-AB6B-734D698B025D}.Release|Any CPU.Build.0 = Release|Any CPU
	EndGlobalSection
	GlobalSection(SolutionProperties) = preSolution
		HideSolutionNode = FALSE
	EndGlobalSection
	GlobalSection(NestedProjects) = preSolution
		{533ABD3F-BEBD-4FA1-8096-D7ED738284D0} = {20409991-6488-4E8F-AFB3-B0BFC7AF9445}
		{E2FC5CD5-91CA-4FF9-9CEE-793554E87A5F} = {1ECC793B-DA4F-4EEF-ACD2-D3E352F1AD57}
		{B424AE03-BB60-4238-AF9E-084AEB4F8628} = {1ECC793B-DA4F-4EEF-ACD2-D3E352F1AD57}
		{7CA98D60-8A2B-474A-BF1A-5C906BA345D5} = {ECED5245-3AE9-4354-BF74-8F1F77343628}
		{668B8832-ACE4-46D2-AB6B-734D698B025D} = {ECED5245-3AE9-4354-BF74-8F1F77343628}
	EndGlobalSection
	GlobalSection(ExtensibilityGlobals) = postSolution
		SolutionGuid = {6E17215A-CDD5-4103-8DE7-C11C98D76A1D}
	EndGlobalSection
EndGlobal
